// !$*UTF8*$!
{
	archiveVersion = 1;
	classes = {
	};
	objectVersion = 56;
	objects = {

/* Begin PBXBuildFile section */
		9F0CEC7629A17CD800AF756C /* MoodTimelineControlView.swift in Sources */ = {isa = PBXBuildFile; fileRef = 9F0CEC7529A17CD800AF756C /* MoodTimelineControlView.swift */; };
		9F0CEC7829AD760D00AF756C /* BackgroundGradient.swift in Sources */ = {isa = PBXBuildFile; fileRef = 9F0CEC7729AD760D00AF756C /* BackgroundGradient.swift */; };
		9F100E932990B83B00A8CD4F /* SettingsView.swift in Sources */ = {isa = PBXBuildFile; fileRef = 9F100E922990B83B00A8CD4F /* SettingsView.swift */; };
		9F100E982992C81100A8CD4F /* NaiveDateExtensions.swift in Sources */ = {isa = PBXBuildFile; fileRef = 9F100E972992C81100A8CD4F /* NaiveDateExtensions.swift */; };
		9F1829E6298C65AB00686202 /* MoodientApp.swift in Sources */ = {isa = PBXBuildFile; fileRef = 9F1829E5298C65AB00686202 /* MoodientApp.swift */; };
		9F1829E8298C65AB00686202 /* ContentView.swift in Sources */ = {isa = PBXBuildFile; fileRef = 9F1829E7298C65AB00686202 /* ContentView.swift */; };
		9F1829EA298C65AD00686202 /* Assets.xcassets in Resources */ = {isa = PBXBuildFile; fileRef = 9F1829E9298C65AD00686202 /* Assets.xcassets */; };
		9F1829ED298C65AD00686202 /* Preview Assets.xcassets in Resources */ = {isa = PBXBuildFile; fileRef = 9F1829EC298C65AD00686202 /* Preview Assets.xcassets */; };
		9F1829F4298C66AE00686202 /* MoodDay.swift in Sources */ = {isa = PBXBuildFile; fileRef = 9F1829F3298C66AE00686202 /* MoodDay.swift */; };
		9F1829F6298C6B0E00686202 /* EditEventView.swift in Sources */ = {isa = PBXBuildFile; fileRef = 9F1829F5298C6B0E00686202 /* EditEventView.swift */; };
		9F1829F8298C746900686202 /* MoodEventStorage.swift in Sources */ = {isa = PBXBuildFile; fileRef = 9F1829F7298C746900686202 /* MoodEventStorage.swift */; };
		9F1829FA298C7C9F00686202 /* MoodOptions.swift in Sources */ = {isa = PBXBuildFile; fileRef = 9F1829F9298C7C9F00686202 /* MoodOptions.swift */; };
		9F1829FC298C7EA900686202 /* ColorPoint.swift in Sources */ = {isa = PBXBuildFile; fileRef = 9F1829FB298C7EA900686202 /* ColorPoint.swift */; };
		9F1829FF298CCEA200686202 /* SQLite in Frameworks */ = {isa = PBXBuildFile; productRef = 9F1829FE298CCEA200686202 /* SQLite */; };
		9F182A06298E0D0700686202 /* NaiveDate in Frameworks */ = {isa = PBXBuildFile; productRef = 9F182A05298E0D0700686202 /* NaiveDate */; };
		9F7567F72994751700341798 /* FullEventView.swift in Sources */ = {isa = PBXBuildFile; fileRef = 9F7567F62994751700341798 /* FullEventView.swift */; };
		9F7567F92994B8FE00341798 /* MonthView.swift in Sources */ = {isa = PBXBuildFile; fileRef = 9F7567F82994B8FE00341798 /* MonthView.swift */; };
		9F7567FB2994DCC000341798 /* MonthDayView.swift in Sources */ = {isa = PBXBuildFile; fileRef = 9F7567FA2994DCC000341798 /* MonthDayView.swift */; };
		9F7567FD2995B2D000341798 /* ShakeEvent.swift in Sources */ = {isa = PBXBuildFile; fileRef = 9F7567FC2995B2D000341798 /* ShakeEvent.swift */; };
		9F7567FF2995BAA700341798 /* WindowSize.swift in Sources */ = {isa = PBXBuildFile; fileRef = 9F7567FE2995BAA700341798 /* WindowSize.swift */; };
		9F7568012995C41500341798 /* SelectedTabExtension.swift in Sources */ = {isa = PBXBuildFile; fileRef = 9F7568002995C41500341798 /* SelectedTabExtension.swift */; };
		9FF1D136298F61D200299E2D /* DayPreview.swift in Sources */ = {isa = PBXBuildFile; fileRef = 9FF1D135298F61D200299E2D /* DayPreview.swift */; };
		9FF1D138298F666E00299E2D /* TodayView.swift in Sources */ = {isa = PBXBuildFile; fileRef = 9FF1D137298F666E00299E2D /* TodayView.swift */; };
/* End PBXBuildFile section */

/* Begin PBXFileReference section */
		9F0CEC7529A17CD800AF756C /* MoodTimelineControlView.swift */ = {isa = PBXFileReference; lastKnownFileType = sourcecode.swift; path = MoodTimelineControlView.swift; sourceTree = "<group>"; };
		9F0CEC7729AD760D00AF756C /* BackgroundGradient.swift */ = {isa = PBXFileReference; lastKnownFileType = sourcecode.swift; path = BackgroundGradient.swift; sourceTree = "<group>"; };
		9F100E922990B83B00A8CD4F /* SettingsView.swift */ = {isa = PBXFileReference; lastKnownFileType = sourcecode.swift; path = SettingsView.swift; sourceTree = "<group>"; };
		9F100E972992C81100A8CD4F /* NaiveDateExtensions.swift */ = {isa = PBXFileReference; lastKnownFileType = sourcecode.swift; path = NaiveDateExtensions.swift; sourceTree = "<group>"; };
		9F1829E2298C65AB00686202 /* Moodient.app */ = {isa = PBXFileReference; explicitFileType = wrapper.application; includeInIndex = 0; path = Moodient.app; sourceTree = BUILT_PRODUCTS_DIR; };
		9F1829E5298C65AB00686202 /* MoodientApp.swift */ = {isa = PBXFileReference; lastKnownFileType = sourcecode.swift; path = MoodientApp.swift; sourceTree = "<group>"; };
		9F1829E7298C65AB00686202 /* ContentView.swift */ = {isa = PBXFileReference; lastKnownFileType = sourcecode.swift; path = ContentView.swift; sourceTree = "<group>"; };
		9F1829E9298C65AD00686202 /* Assets.xcassets */ = {isa = PBXFileReference; lastKnownFileType = folder.assetcatalog; path = Assets.xcassets; sourceTree = "<group>"; };
		9F1829EC298C65AD00686202 /* Preview Assets.xcassets */ = {isa = PBXFileReference; lastKnownFileType = folder.assetcatalog; path = "Preview Assets.xcassets"; sourceTree = "<group>"; };
		9F1829F3298C66AE00686202 /* MoodDay.swift */ = {isa = PBXFileReference; lastKnownFileType = sourcecode.swift; path = MoodDay.swift; sourceTree = "<group>"; };
		9F1829F5298C6B0E00686202 /* EditEventView.swift */ = {isa = PBXFileReference; lastKnownFileType = sourcecode.swift; path = EditEventView.swift; sourceTree = "<group>"; };
		9F1829F7298C746900686202 /* MoodEventStorage.swift */ = {isa = PBXFileReference; lastKnownFileType = sourcecode.swift; path = MoodEventStorage.swift; sourceTree = "<group>"; };
		9F1829F9298C7C9F00686202 /* MoodOptions.swift */ = {isa = PBXFileReference; lastKnownFileType = sourcecode.swift; path = MoodOptions.swift; sourceTree = "<group>"; };
		9F1829FB298C7EA900686202 /* ColorPoint.swift */ = {isa = PBXFileReference; lastKnownFileType = sourcecode.swift; path = ColorPoint.swift; sourceTree = "<group>"; };
		9F7567F62994751700341798 /* FullEventView.swift */ = {isa = PBXFileReference; lastKnownFileType = sourcecode.swift; path = FullEventView.swift; sourceTree = "<group>"; };
		9F7567F82994B8FE00341798 /* MonthView.swift */ = {isa = PBXFileReference; lastKnownFileType = sourcecode.swift; path = MonthView.swift; sourceTree = "<group>"; };
		9F7567FA2994DCC000341798 /* MonthDayView.swift */ = {isa = PBXFileReference; lastKnownFileType = sourcecode.swift; path = MonthDayView.swift; sourceTree = "<group>"; };
		9F7567FC2995B2D000341798 /* ShakeEvent.swift */ = {isa = PBXFileReference; lastKnownFileType = sourcecode.swift; path = ShakeEvent.swift; sourceTree = "<group>"; };
		9F7567FE2995BAA700341798 /* WindowSize.swift */ = {isa = PBXFileReference; lastKnownFileType = sourcecode.swift; path = WindowSize.swift; sourceTree = "<group>"; };
		9F7568002995C41500341798 /* SelectedTabExtension.swift */ = {isa = PBXFileReference; lastKnownFileType = sourcecode.swift; path = SelectedTabExtension.swift; sourceTree = "<group>"; };
		9FF1D135298F61D200299E2D /* DayPreview.swift */ = {isa = PBXFileReference; lastKnownFileType = sourcecode.swift; path = DayPreview.swift; sourceTree = "<group>"; };
		9FF1D137298F666E00299E2D /* TodayView.swift */ = {isa = PBXFileReference; lastKnownFileType = sourcecode.swift; path = TodayView.swift; sourceTree = "<group>"; };
/* End PBXFileReference section */

/* Begin PBXFrameworksBuildPhase section */
		9F1829DF298C65AB00686202 /* Frameworks */ = {
			isa = PBXFrameworksBuildPhase;
			buildActionMask = 2147483647;
			files = (
				9F182A06298E0D0700686202 /* NaiveDate in Frameworks */,
				9F1829FF298CCEA200686202 /* SQLite in Frameworks */,
			);
			runOnlyForDeploymentPostprocessing = 0;
		};
/* End PBXFrameworksBuildPhase section */

/* Begin PBXGroup section */
		9F1829D9298C65AB00686202 = {
			isa = PBXGroup;
			children = (
				9F0CEC7729AD760D00AF756C /* BackgroundGradient.swift */,
				9F0CEC7529A17CD800AF756C /* MoodTimelineControlView.swift */,
				9F7568002995C41500341798 /* SelectedTabExtension.swift */,
				9F7567FE2995BAA700341798 /* WindowSize.swift */,
				9F7567FC2995B2D000341798 /* ShakeEvent.swift */,
				9F7567FA2994DCC000341798 /* MonthDayView.swift */,
				9F7567F82994B8FE00341798 /* MonthView.swift */,
				9F7567F62994751700341798 /* FullEventView.swift */,
				9F100E972992C81100A8CD4F /* NaiveDateExtensions.swift */,
				9F100E922990B83B00A8CD4F /* SettingsView.swift */,
				9FF1D137298F666E00299E2D /* TodayView.swift */,
				9FF1D135298F61D200299E2D /* DayPreview.swift */,
				9F1829FB298C7EA900686202 /* ColorPoint.swift */,
				9F1829F9298C7C9F00686202 /* MoodOptions.swift */,
				9F1829F7298C746900686202 /* MoodEventStorage.swift */,
				9F1829F5298C6B0E00686202 /* EditEventView.swift */,
				9F1829F3298C66AE00686202 /* MoodDay.swift */,
				9F1829E4298C65AB00686202 /* Moodient */,
				9F1829E3298C65AB00686202 /* Products */,
			);
			sourceTree = "<group>";
		};
		9F1829E3298C65AB00686202 /* Products */ = {
			isa = PBXGroup;
			children = (
				9F1829E2298C65AB00686202 /* Moodient.app */,
			);
			name = Products;
			sourceTree = "<group>";
		};
		9F1829E4298C65AB00686202 /* Moodient */ = {
			isa = PBXGroup;
			children = (
				9F1829E5298C65AB00686202 /* MoodientApp.swift */,
				9F1829E7298C65AB00686202 /* ContentView.swift */,
				9F1829E9298C65AD00686202 /* Assets.xcassets */,
				9F1829EB298C65AD00686202 /* Preview Content */,
			);
			path = Moodient;
			sourceTree = "<group>";
		};
		9F1829EB298C65AD00686202 /* Preview Content */ = {
			isa = PBXGroup;
			children = (
				9F1829EC298C65AD00686202 /* Preview Assets.xcassets */,
			);
			path = "Preview Content";
			sourceTree = "<group>";
		};
/* End PBXGroup section */

/* Begin PBXNativeTarget section */
		9F1829E1298C65AB00686202 /* Moodient */ = {
			isa = PBXNativeTarget;
			buildConfigurationList = 9F1829F0298C65AD00686202 /* Build configuration list for PBXNativeTarget "Moodient" */;
			buildPhases = (
				9F1829DE298C65AB00686202 /* Sources */,
				9F1829DF298C65AB00686202 /* Frameworks */,
				9F1829E0298C65AB00686202 /* Resources */,
			);
			buildRules = (
			);
			dependencies = (
			);
			name = Moodient;
			packageProductDependencies = (
				9F1829FE298CCEA200686202 /* SQLite */,
				9F182A05298E0D0700686202 /* NaiveDate */,
			);
			productName = Moodient;
			productReference = 9F1829E2298C65AB00686202 /* Moodient.app */;
			productType = "com.apple.product-type.application";
		};
/* End PBXNativeTarget section */

/* Begin PBXProject section */
		9F1829DA298C65AB00686202 /* Project object */ = {
			isa = PBXProject;
			attributes = {
				BuildIndependentTargetsInParallel = 1;
				LastSwiftUpdateCheck = 1420;
				LastUpgradeCheck = 1420;
				TargetAttributes = {
					9F1829E1298C65AB00686202 = {
						CreatedOnToolsVersion = 14.2;
					};
				};
			};
			buildConfigurationList = 9F1829DD298C65AB00686202 /* Build configuration list for PBXProject "Moodient" */;
			compatibilityVersion = "Xcode 14.0";
			developmentRegion = en;
			hasScannedForEncodings = 0;
			knownRegions = (
				en,
				Base,
			);
			mainGroup = 9F1829D9298C65AB00686202;
			packageReferences = (
				9F1829FD298CCEA200686202 /* XCRemoteSwiftPackageReference "SQLite.swift" */,
				9F182A04298E0D0700686202 /* XCRemoteSwiftPackageReference "NaiveDate" */,
			);
			productRefGroup = 9F1829E3298C65AB00686202 /* Products */;
			projectDirPath = "";
			projectRoot = "";
			targets = (
				9F1829E1298C65AB00686202 /* Moodient */,
			);
		};
/* End PBXProject section */

/* Begin PBXResourcesBuildPhase section */
		9F1829E0298C65AB00686202 /* Resources */ = {
			isa = PBXResourcesBuildPhase;
			buildActionMask = 2147483647;
			files = (
				9F1829ED298C65AD00686202 /* Preview Assets.xcassets in Resources */,
				9F1829EA298C65AD00686202 /* Assets.xcassets in Resources */,
			);
			runOnlyForDeploymentPostprocessing = 0;
		};
/* End PBXResourcesBuildPhase section */

/* Begin PBXSourcesBuildPhase section */
		9F1829DE298C65AB00686202 /* Sources */ = {
			isa = PBXSourcesBuildPhase;
			buildActionMask = 2147483647;
			files = (
				9F1829FC298C7EA900686202 /* ColorPoint.swift in Sources */,
				9F100E982992C81100A8CD4F /* NaiveDateExtensions.swift in Sources */,
				9F1829E8298C65AB00686202 /* ContentView.swift in Sources */,
				9F1829FA298C7C9F00686202 /* MoodOptions.swift in Sources */,
				9FF1D136298F61D200299E2D /* DayPreview.swift in Sources */,
				9FF1D138298F666E00299E2D /* TodayView.swift in Sources */,
				9F1829F4298C66AE00686202 /* MoodDay.swift in Sources */,
				9F1829F6298C6B0E00686202 /* EditEventView.swift in Sources */,
				9F7567FD2995B2D000341798 /* ShakeEvent.swift in Sources */,
				9F1829E6298C65AB00686202 /* MoodientApp.swift in Sources */,
				9F0CEC7629A17CD800AF756C /* MoodTimelineControlView.swift in Sources */,
				9F7567FF2995BAA700341798 /* WindowSize.swift in Sources */,
				9F7567FB2994DCC000341798 /* MonthDayView.swift in Sources */,
				9F7567F72994751700341798 /* FullEventView.swift in Sources */,
				9F1829F8298C746900686202 /* MoodEventStorage.swift in Sources */,
				9F100E932990B83B00A8CD4F /* SettingsView.swift in Sources */,
				9F7568012995C41500341798 /* SelectedTabExtension.swift in Sources */,
				9F7567F92994B8FE00341798 /* MonthView.swift in Sources */,
				9F0CEC7829AD760D00AF756C /* BackgroundGradient.swift in Sources */,
			);
			runOnlyForDeploymentPostprocessing = 0;
		};
/* End PBXSourcesBuildPhase section */

/* Begin XCBuildConfiguration section */
		9F1829EE298C65AD00686202 /* Debug */ = {
			isa = XCBuildConfiguration;
			buildSettings = {
				ALWAYS_SEARCH_USER_PATHS = NO;
				CLANG_ANALYZER_NONNULL = YES;
				CLANG_ANALYZER_NUMBER_OBJECT_CONVERSION = YES_AGGRESSIVE;
				CLANG_CXX_LANGUAGE_STANDARD = "gnu++20";
				CLANG_ENABLE_MODULES = YES;
				CLANG_ENABLE_OBJC_ARC = YES;
				CLANG_ENABLE_OBJC_WEAK = YES;
				CLANG_WARN_BLOCK_CAPTURE_AUTORELEASING = YES;
				CLANG_WARN_BOOL_CONVERSION = YES;
				CLANG_WARN_COMMA = YES;
				CLANG_WARN_CONSTANT_CONVERSION = YES;
				CLANG_WARN_DEPRECATED_OBJC_IMPLEMENTATIONS = YES;
				CLANG_WARN_DIRECT_OBJC_ISA_USAGE = YES_ERROR;
				CLANG_WARN_DOCUMENTATION_COMMENTS = YES;
				CLANG_WARN_EMPTY_BODY = YES;
				CLANG_WARN_ENUM_CONVERSION = YES;
				CLANG_WARN_INFINITE_RECURSION = YES;
				CLANG_WARN_INT_CONVERSION = YES;
				CLANG_WARN_NON_LITERAL_NULL_CONVERSION = YES;
				CLANG_WARN_OBJC_IMPLICIT_RETAIN_SELF = YES;
				CLANG_WARN_OBJC_LITERAL_CONVERSION = YES;
				CLANG_WARN_OBJC_ROOT_CLASS = YES_ERROR;
				CLANG_WARN_QUOTED_INCLUDE_IN_FRAMEWORK_HEADER = YES;
				CLANG_WARN_RANGE_LOOP_ANALYSIS = YES;
				CLANG_WARN_STRICT_PROTOTYPES = YES;
				CLANG_WARN_SUSPICIOUS_MOVE = YES;
				CLANG_WARN_UNGUARDED_AVAILABILITY = YES_AGGRESSIVE;
				CLANG_WARN_UNREACHABLE_CODE = YES;
				CLANG_WARN__DUPLICATE_METHOD_MATCH = YES;
				COPY_PHASE_STRIP = NO;
				DEBUG_INFORMATION_FORMAT = dwarf;
				ENABLE_STRICT_OBJC_MSGSEND = YES;
				ENABLE_TESTABILITY = YES;
				GCC_C_LANGUAGE_STANDARD = gnu11;
				GCC_DYNAMIC_NO_PIC = NO;
				GCC_NO_COMMON_BLOCKS = YES;
				GCC_OPTIMIZATION_LEVEL = 0;
				GCC_PREPROCESSOR_DEFINITIONS = (
					"DEBUG=1",
					"$(inherited)",
				);
				GCC_WARN_64_TO_32_BIT_CONVERSION = YES;
				GCC_WARN_ABOUT_RETURN_TYPE = YES_ERROR;
				GCC_WARN_UNDECLARED_SELECTOR = YES;
				GCC_WARN_UNINITIALIZED_AUTOS = YES_AGGRESSIVE;
				GCC_WARN_UNUSED_FUNCTION = YES;
				GCC_WARN_UNUSED_VARIABLE = YES;
				IPHONEOS_DEPLOYMENT_TARGET = 16.2;
				MTL_ENABLE_DEBUG_INFO = INCLUDE_SOURCE;
				MTL_FAST_MATH = YES;
				ONLY_ACTIVE_ARCH = YES;
				SDKROOT = iphoneos;
				SWIFT_ACTIVE_COMPILATION_CONDITIONS = DEBUG;
				SWIFT_OPTIMIZATION_LEVEL = "-Onone";
			};
			name = Debug;
		};
		9F1829EF298C65AD00686202 /* Release */ = {
			isa = XCBuildConfiguration;
			buildSettings = {
				ALWAYS_SEARCH_USER_PATHS = NO;
				CLANG_ANALYZER_NONNULL = YES;
				CLANG_ANALYZER_NUMBER_OBJECT_CONVERSION = YES_AGGRESSIVE;
				CLANG_CXX_LANGUAGE_STANDARD = "gnu++20";
				CLANG_ENABLE_MODULES = YES;
				CLANG_ENABLE_OBJC_ARC = YES;
				CLANG_ENABLE_OBJC_WEAK = YES;
				CLANG_WARN_BLOCK_CAPTURE_AUTORELEASING = YES;
				CLANG_WARN_BOOL_CONVERSION = YES;
				CLANG_WARN_COMMA = YES;
				CLANG_WARN_CONSTANT_CONVERSION = YES;
				CLANG_WARN_DEPRECATED_OBJC_IMPLEMENTATIONS = YES;
				CLANG_WARN_DIRECT_OBJC_ISA_USAGE = YES_ERROR;
				CLANG_WARN_DOCUMENTATION_COMMENTS = YES;
				CLANG_WARN_EMPTY_BODY = YES;
				CLANG_WARN_ENUM_CONVERSION = YES;
				CLANG_WARN_INFINITE_RECURSION = YES;
				CLANG_WARN_INT_CONVERSION = YES;
				CLANG_WARN_NON_LITERAL_NULL_CONVERSION = YES;
				CLANG_WARN_OBJC_IMPLICIT_RETAIN_SELF = YES;
				CLANG_WARN_OBJC_LITERAL_CONVERSION = YES;
				CLANG_WARN_OBJC_ROOT_CLASS = YES_ERROR;
				CLANG_WARN_QUOTED_INCLUDE_IN_FRAMEWORK_HEADER = YES;
				CLANG_WARN_RANGE_LOOP_ANALYSIS = YES;
				CLANG_WARN_STRICT_PROTOTYPES = YES;
				CLANG_WARN_SUSPICIOUS_MOVE = YES;
				CLANG_WARN_UNGUARDED_AVAILABILITY = YES_AGGRESSIVE;
				CLANG_WARN_UNREACHABLE_CODE = YES;
				CLANG_WARN__DUPLICATE_METHOD_MATCH = YES;
				COPY_PHASE_STRIP = NO;
				DEBUG_INFORMATION_FORMAT = "dwarf-with-dsym";
				ENABLE_NS_ASSERTIONS = NO;
				ENABLE_STRICT_OBJC_MSGSEND = YES;
				GCC_C_LANGUAGE_STANDARD = gnu11;
				GCC_NO_COMMON_BLOCKS = YES;
				GCC_WARN_64_TO_32_BIT_CONVERSION = YES;
				GCC_WARN_ABOUT_RETURN_TYPE = YES_ERROR;
				GCC_WARN_UNDECLARED_SELECTOR = YES;
				GCC_WARN_UNINITIALIZED_AUTOS = YES_AGGRESSIVE;
				GCC_WARN_UNUSED_FUNCTION = YES;
				GCC_WARN_UNUSED_VARIABLE = YES;
				IPHONEOS_DEPLOYMENT_TARGET = 16.2;
				MTL_ENABLE_DEBUG_INFO = NO;
				MTL_FAST_MATH = YES;
				SDKROOT = iphoneos;
				SWIFT_COMPILATION_MODE = wholemodule;
				SWIFT_OPTIMIZATION_LEVEL = "-O";
				VALIDATE_PRODUCT = YES;
			};
			name = Release;
		};
		9F1829F1298C65AD00686202 /* Debug */ = {
			isa = XCBuildConfiguration;
			buildSettings = {
				ASSETCATALOG_COMPILER_APPICON_NAME = AppIcon;
				ASSETCATALOG_COMPILER_GLOBAL_ACCENT_COLOR_NAME = AccentColor;
				CODE_SIGN_STYLE = Automatic;
				CURRENT_PROJECT_VERSION = 1;
				DEVELOPMENT_ASSET_PATHS = "\"Moodient/Preview Content\"";
				DEVELOPMENT_TEAM = 6HFQ8N48ZH;
				ENABLE_PREVIEWS = YES;
				GENERATE_INFOPLIST_FILE = YES;
				INFOPLIST_KEY_UIApplicationSceneManifest_Generation = YES;
				INFOPLIST_KEY_UIApplicationSupportsIndirectInputEvents = YES;
				INFOPLIST_KEY_UILaunchScreen_Generation = YES;
				INFOPLIST_KEY_UISupportedInterfaceOrientations_iPad = "UIInterfaceOrientationPortrait UIInterfaceOrientationPortraitUpsideDown UIInterfaceOrientationLandscapeLeft UIInterfaceOrientationLandscapeRight";
				INFOPLIST_KEY_UISupportedInterfaceOrientations_iPhone = "UIInterfaceOrientationPortrait UIInterfaceOrientationLandscapeLeft UIInterfaceOrientationLandscapeRight";
				IPHONEOS_DEPLOYMENT_TARGET = 16.1;
				LD_RUNPATH_SEARCH_PATHS = (
					"$(inherited)",
					"@executable_path/Frameworks",
				);
				MARKETING_VERSION = 1.0;
				PRODUCT_BUNDLE_IDENTIFIER = dev.smay.Moodient;
				PRODUCT_NAME = "$(TARGET_NAME)";
				SWIFT_EMIT_LOC_STRINGS = YES;
				SWIFT_VERSION = 5.0;
				TARGETED_DEVICE_FAMILY = "1,2";
			};
			name = Debug;
		};
		9F1829F2298C65AD00686202 /* Release */ = {
			isa = XCBuildConfiguration;
			buildSettings = {
				ASSETCATALOG_COMPILER_APPICON_NAME = AppIcon;
				ASSETCATALOG_COMPILER_GLOBAL_ACCENT_COLOR_NAME = AccentColor;
				CODE_SIGN_STYLE = Automatic;
				CURRENT_PROJECT_VERSION = 1;
				DEVELOPMENT_ASSET_PATHS = "\"Moodient/Preview Content\"";
				DEVELOPMENT_TEAM = 6HFQ8N48ZH;
				ENABLE_PREVIEWS = YES;
				GENERATE_INFOPLIST_FILE = YES;
				INFOPLIST_KEY_UIApplicationSceneManifest_Generation = YES;
				INFOPLIST_KEY_UIApplicationSupportsIndirectInputEvents = YES;
				INFOPLIST_KEY_UILaunchScreen_Generation = YES;
				INFOPLIST_KEY_UISupportedInterfaceOrientations_iPad = "UIInterfaceOrientationPortrait UIInterfaceOrientationPortraitUpsideDown UIInterfaceOrientationLandscapeLeft UIInterfaceOrientationLandscapeRight";
				INFOPLIST_KEY_UISupportedInterfaceOrientations_iPhone = "UIInterfaceOrientationPortrait UIInterfaceOrientationLandscapeLeft UIInterfaceOrientationLandscapeRight";
				IPHONEOS_DEPLOYMENT_TARGET = 16.1;
				LD_RUNPATH_SEARCH_PATHS = (
					"$(inherited)",
					"@executable_path/Frameworks",
				);
				MARKETING_VERSION = 1.0;
				PRODUCT_BUNDLE_IDENTIFIER = dev.smay.Moodient;
				PRODUCT_NAME = "$(TARGET_NAME)";
				SWIFT_EMIT_LOC_STRINGS = YES;
				SWIFT_VERSION = 5.0;
				TARGETED_DEVICE_FAMILY = "1,2";
			};
			name = Release;
		};
/* End XCBuildConfiguration section */

/* Begin XCConfigurationList section */
		9F1829DD298C65AB00686202 /* Build configuration list for PBXProject "Moodient" */ = {
			isa = XCConfigurationList;
			buildConfigurations = (
				9F1829EE298C65AD00686202 /* Debug */,
				9F1829EF298C65AD00686202 /* Release */,
			);
			defaultConfigurationIsVisible = 0;
			defaultConfigurationName = Release;
		};
		9F1829F0298C65AD00686202 /* Build configuration list for PBXNativeTarget "Moodient" */ = {
			isa = XCConfigurationList;
			buildConfigurations = (
				9F1829F1298C65AD00686202 /* Debug */,
				9F1829F2298C65AD00686202 /* Release */,
			);
			defaultConfigurationIsVisible = 0;
			defaultConfigurationName = Release;
		};
/* End XCConfigurationList section */

/* Begin XCRemoteSwiftPackageReference section */
		9F1829FD298CCEA200686202 /* XCRemoteSwiftPackageReference "SQLite.swift" */ = {
			isa = XCRemoteSwiftPackageReference;
			repositoryURL = "https://github.com/stephencelis/SQLite.swift.git";
			requirement = {
				kind = upToNextMajorVersion;
				minimumVersion = 0.9.2;
			};
		};
		9F182A04298E0D0700686202 /* XCRemoteSwiftPackageReference "NaiveDate" */ = {
			isa = XCRemoteSwiftPackageReference;
			repositoryURL = "https://github.com/CreateAPI/NaiveDate";
			requirement = {
				kind = upToNextMajorVersion;
				minimumVersion = 1.0.0;
			};
		};
/* End XCRemoteSwiftPackageReference section */

/* Begin XCSwiftPackageProductDependency section */
		9F1829FE298CCEA200686202 /* SQLite */ = {
			isa = XCSwiftPackageProductDependency;
			package = 9F1829FD298CCEA200686202 /* XCRemoteSwiftPackageReference "SQLite.swift" */;
			productName = SQLite;
		};
		9F182A05298E0D0700686202 /* NaiveDate */ = {
			isa = XCSwiftPackageProductDependency;
			package = 9F182A04298E0D0700686202 /* XCRemoteSwiftPackageReference "NaiveDate" */;
			productName = NaiveDate;
		};
/* End XCSwiftPackageProductDependency section */
	};
	rootObject = 9F1829DA298C65AB00686202 /* Project object */;
}
